{
  "object": {
    "pins": [
      {
        "package": "HappyDNS",
        "repositoryURL": "https://github.com/YangSen-qn/happy-dns-objc",
        "state": {
          "branch": null,
          "revision": "697238f32a19f585eaaee2ad294a1493bb2bdb67",
          "version": null
        }
      }
    ]
  },
  "version": 1
}
