// !$*UTF8*$!
{
	archiveVersion = 1;
	classes = {
	};
	objectVersion = 51;
	objects = {

/* Begin PBXBuildFile section */
		31ABA581262D7600004CF694 /* AppDelegate.swift in Sources */ = {isa = PBXBuildFile; fileRef = 31ABA580262D7600004CF694 /* AppDelegate.swift */; };
		31ABA583262D7600004CF694 /* SceneDelegate.swift in Sources */ = {isa = PBXBuildFile; fileRef = 31ABA582262D7600004CF694 /* SceneDelegate.swift */; };
		31ABA585262D7600004CF694 /* ViewController.swift in Sources */ = {isa = PBXBuildFile; fileRef = 31ABA584262D7600004CF694 /* ViewController.swift */; };
		31ABA588262D7600004CF694 /* Main.storyboard in Resources */ = {isa = PBXBuildFile; fileRef = 31ABA586262D7600004CF694 /* Main.storyboard */; };
		31ABA58A262D7603004CF694 /* Assets.xcassets in Resources */ = {isa = PBXBuildFile; fileRef = 31ABA589262D7603004CF694 /* Assets.xcassets */; };
		31ABA58D262D7603004CF694 /* LaunchScreen.storyboard in Resources */ = {isa = PBXBuildFile; fileRef = 31ABA58B262D7603004CF694 /* LaunchScreen.storyboard */; };
		31ABA598262D7603004CF694 /* QiniuDemoSwiftTests.swift in Sources */ = {isa = PBXBuildFile; fileRef = 31ABA597262D7603004CF694 /* QiniuDemoSwiftTests.swift */; };
		31ABA5A3262D7603004CF694 /* QiniuDemoSwiftUITests.swift in Sources */ = {isa = PBXBuildFile; fileRef = 31ABA5A2262D7603004CF694 /* QiniuDemoSwiftUITests.swift */; };
		53A6C974E196EC1E6355F30D /* Pods_QiniuDemoSwift_QiniuDemoSwiftUITests.framework in Frameworks */ = {isa = PBXBuildFile; fileRef = 9F30CB1F4F82E8F9211A9F43 /* Pods_QiniuDemoSwift_QiniuDemoSwiftUITests.framework */; };
		CA4E585FE0178890D3EF2777 /* Pods_QiniuDemoSwiftTests.framework in Frameworks */ = {isa = PBXBuildFile; fileRef = 7A539AD42969DB87CFCE1B20 /* Pods_QiniuDemoSwiftTests.framework */; };
		E6311E47487BB49D1936648A /* Pods_QiniuDemoSwift.framework in Frameworks */ = {isa = PBXBuildFile; fileRef = 9C001E5C1E84E72FECB3828D /* Pods_QiniuDemoSwift.framework */; };
/* End PBXBuildFile section */

/* Begin PBXContainerItemProxy section */
		31ABA594262D7603004CF694 /* PBXContainerItemProxy */ = {
			isa = PBXContainerItemProxy;
			containerPortal = 31ABA575262D7600004CF694 /* Project object */;
			proxyType = 1;
			remoteGlobalIDString = 31ABA57C262D7600004CF694;
			remoteInfo = QiniuDemoSwift;
		};
		31ABA59F262D7603004CF694 /* PBXContainerItemProxy */ = {
			isa = PBXContainerItemProxy;
			containerPortal = 31ABA575262D7600004CF694 /* Project object */;
			proxyType = 1;
			remoteGlobalIDString = 31ABA57C262D7600004CF694;
			remoteInfo = QiniuDemoSwift;
		};
/* End PBXContainerItemProxy section */

/* Begin PBXFileReference section */
		3124BBDE262E7486005C1ADB /* Bridging_Header.h */ = {isa = PBXFileReference; lastKnownFileType = sourcecode.c.h; path = Bridging_Header.h; sourceTree = "<group>"; };
		31ABA57D262D7600004CF694 /* QiniuDemoSwift.app */ = {isa = PBXFileReference; explicitFileType = wrapper.application; includeInIndex = 0; path = QiniuDemoSwift.app; sourceTree = BUILT_PRODUCTS_DIR; };
		31ABA580262D7600004CF694 /* AppDelegate.swift */ = {isa = PBXFileReference; lastKnownFileType = sourcecode.swift; path = AppDelegate.swift; sourceTree = "<group>"; };
		31ABA582262D7600004CF694 /* SceneDelegate.swift */ = {isa = PBXFileReference; lastKnownFileType = sourcecode.swift; path = SceneDelegate.swift; sourceTree = "<group>"; };
		31ABA584262D7600004CF694 /* ViewController.swift */ = {isa = PBXFileReference; lastKnownFileType = sourcecode.swift; path = ViewController.swift; sourceTree = "<group>"; };
		31ABA587262D7600004CF694 /* Base */ = {isa = PBXFileReference; lastKnownFileType = file.storyboard; name = Base; path = Base.lproj/Main.storyboard; sourceTree = "<group>"; };
		31ABA589262D7603004CF694 /* Assets.xcassets */ = {isa = PBXFileReference; lastKnownFileType = folder.assetcatalog; path = Assets.xcassets; sourceTree = "<group>"; };
		31ABA58C262D7603004CF694 /* Base */ = {isa = PBXFileReference; lastKnownFileType = file.storyboard; name = Base; path = Base.lproj/LaunchScreen.storyboard; sourceTree = "<group>"; };
		31ABA58E262D7603004CF694 /* Info.plist */ = {isa = PBXFileReference; lastKnownFileType = text.plist.xml; path = Info.plist; sourceTree = "<group>"; };
		31ABA593262D7603004CF694 /* QiniuDemoSwiftTests.xctest */ = {isa = PBXFileReference; explicitFileType = wrapper.cfbundle; includeInIndex = 0; path = QiniuDemoSwiftTests.xctest; sourceTree = BUILT_PRODUCTS_DIR; };
		31ABA597262D7603004CF694 /* QiniuDemoSwiftTests.swift */ = {isa = PBXFileReference; lastKnownFileType = sourcecode.swift; path = QiniuDemoSwiftTests.swift; sourceTree = "<group>"; };
		31ABA599262D7603004CF694 /* Info.plist */ = {isa = PBXFileReference; lastKnownFileType = text.plist.xml; path = Info.plist; sourceTree = "<group>"; };
		31ABA59E262D7603004CF694 /* QiniuDemoSwiftUITests.xctest */ = {isa = PBXFileReference; explicitFileType = wrapper.cfbundle; includeInIndex = 0; path = QiniuDemoSwiftUITests.xctest; sourceTree = BUILT_PRODUCTS_DIR; };
		31ABA5A2262D7603004CF694 /* QiniuDemoSwiftUITests.swift */ = {isa = PBXFileReference; lastKnownFileType = sourcecode.swift; path = QiniuDemoSwiftUITests.swift; sourceTree = "<group>"; };
		31ABA5A4262D7603004CF694 /* Info.plist */ = {isa = PBXFileReference; lastKnownFileType = text.plist.xml; path = Info.plist; sourceTree = "<group>"; };
		429EECBB61F4AA42192A8729 /* Pods-QiniuDemoSwift-QiniuDemoSwiftUITests.release.xcconfig */ = {isa = PBXFileReference; includeInIndex = 1; lastKnownFileType = text.xcconfig; name = "Pods-QiniuDemoSwift-QiniuDemoSwiftUITests.release.xcconfig"; path = "Target Support Files/Pods-QiniuDemoSwift-QiniuDemoSwiftUITests/Pods-QiniuDemoSwift-QiniuDemoSwiftUITests.release.xcconfig"; sourceTree = "<group>"; };
		76FA640C6F3FA56CF86EB2A9 /* Pods-QiniuDemoSwiftTests.debug.xcconfig */ = {isa = PBXFileReference; includeInIndex = 1; lastKnownFileType = text.xcconfig; name = "Pods-QiniuDemoSwiftTests.debug.xcconfig"; path = "Target Support Files/Pods-QiniuDemoSwiftTests/Pods-QiniuDemoSwiftTests.debug.xcconfig"; sourceTree = "<group>"; };
		7A539AD42969DB87CFCE1B20 /* Pods_QiniuDemoSwiftTests.framework */ = {isa = PBXFileReference; explicitFileType = wrapper.framework; includeInIndex = 0; path = Pods_QiniuDemoSwiftTests.framework; sourceTree = BUILT_PRODUCTS_DIR; };
		9C001E5C1E84E72FECB3828D /* Pods_QiniuDemoSwift.framework */ = {isa = PBXFileReference; explicitFileType = wrapper.framework; includeInIndex = 0; path = Pods_QiniuDemoSwift.framework; sourceTree = BUILT_PRODUCTS_DIR; };
		9F0273337096BDE28D23D73E /* Pods-QiniuDemoSwift-QiniuDemoSwiftUITests.debug.xcconfig */ = {isa = PBXFileReference; includeInIndex = 1; lastKnownFileType = text.xcconfig; name = "Pods-QiniuDemoSwift-QiniuDemoSwiftUITests.debug.xcconfig"; path = "Target Support Files/Pods-QiniuDemoSwift-QiniuDemoSwiftUITests/Pods-QiniuDemoSwift-QiniuDemoSwiftUITests.debug.xcconfig"; sourceTree = "<group>"; };
		9F30CB1F4F82E8F9211A9F43 /* Pods_QiniuDemoSwift_QiniuDemoSwiftUITests.framework */ = {isa = PBXFileReference; explicitFileType = wrapper.framework; includeInIndex = 0; path = Pods_QiniuDemoSwift_QiniuDemoSwiftUITests.framework; sourceTree = BUILT_PRODUCTS_DIR; };
		A1315488CB179E449BCD312E /* Pods-QiniuDemoSwift.debug.xcconfig */ = {isa = PBXFileReference; includeInIndex = 1; lastKnownFileType = text.xcconfig; name = "Pods-QiniuDemoSwift.debug.xcconfig"; path = "Target Support Files/Pods-QiniuDemoSwift/Pods-QiniuDemoSwift.debug.xcconfig"; sourceTree = "<group>"; };
		C6287ED63FE14EF659887805 /* Pods-QiniuDemoSwift.release.xcconfig */ = {isa = PBXFileReference; includeInIndex = 1; lastKnownFileType = text.xcconfig; name = "Pods-QiniuDemoSwift.release.xcconfig"; path = "Target Support Files/Pods-QiniuDemoSwift/Pods-QiniuDemoSwift.release.xcconfig"; sourceTree = "<group>"; };
		D45016A95267E32D6F6DFE79 /* Pods-QiniuDemoSwiftTests.release.xcconfig */ = {isa = PBXFileReference; includeInIndex = 1; lastKnownFileType = text.xcconfig; name = "Pods-QiniuDemoSwiftTests.release.xcconfig"; path = "Target Support Files/Pods-QiniuDemoSwiftTests/Pods-QiniuDemoSwiftTests.release.xcconfig"; sourceTree = "<group>"; };
/* End PBXFileReference section */

/* Begin PBXFrameworksBuildPhase section */
		31ABA57A262D7600004CF694 /* Frameworks */ = {
			isa = PBXFrameworksBuildPhase;
			buildActionMask = 2147483647;
			files = (
				E6311E47487BB49D1936648A /* Pods_QiniuDemoSwift.framework in Frameworks */,
			);
			runOnlyForDeploymentPostprocessing = 0;
		};
		31ABA590262D7603004CF694 /* Frameworks */ = {
			isa = PBXFrameworksBuildPhase;
			buildActionMask = 2147483647;
			files = (
				CA4E585FE0178890D3EF2777 /* Pods_QiniuDemoSwiftTests.framework in Frameworks */,
			);
			runOnlyForDeploymentPostprocessing = 0;
		};
		31ABA59B262D7603004CF694 /* Frameworks */ = {
			isa = PBXFrameworksBuildPhase;
			buildActionMask = 2147483647;
			files = (
				53A6C974E196EC1E6355F30D /* Pods_QiniuDemoSwift_QiniuDemoSwiftUITests.framework in Frameworks */,
			);
			runOnlyForDeploymentPostprocessing = 0;
		};
/* End PBXFrameworksBuildPhase section */

/* Begin PBXGroup section */
		31ABA574262D7600004CF694 = {
			isa = PBXGroup;
			children = (
				31ABA57F262D7600004CF694 /* QiniuDemoSwift */,
				31ABA596262D7603004CF694 /* QiniuDemoSwiftTests */,
				31ABA5A1262D7603004CF694 /* QiniuDemoSwiftUITests */,
				31ABA57E262D7600004CF694 /* Products */,
				65495766CA8BE3DD060A726D /* Pods */,
				E9AA1B2F69E08F344EB418DA /* Frameworks */,
			);
			sourceTree = "<group>";
		};
		31ABA57E262D7600004CF694 /* Products */ = {
			isa = PBXGroup;
			children = (
				31ABA57D262D7600004CF694 /* QiniuDemoSwift.app */,
				31ABA593262D7603004CF694 /* QiniuDemoSwiftTests.xctest */,
				31ABA59E262D7603004CF694 /* QiniuDemoSwiftUITests.xctest */,
			);
			name = Products;
			sourceTree = "<group>";
		};
		31ABA57F262D7600004CF694 /* QiniuDemoSwift */ = {
			isa = PBXGroup;
			children = (
				31ABA580262D7600004CF694 /* AppDelegate.swift */,
				31ABA582262D7600004CF694 /* SceneDelegate.swift */,
				31ABA584262D7600004CF694 /* ViewController.swift */,
				31ABA586262D7600004CF694 /* Main.storyboard */,
				31ABA589262D7603004CF694 /* Assets.xcassets */,
				31ABA58B262D7603004CF694 /* LaunchScreen.storyboard */,
				31ABA58E262D7603004CF694 /* Info.plist */,
				3124BBDE262E7486005C1ADB /* Bridging_Header.h */,
			);
			path = QiniuDemoSwift;
			sourceTree = "<group>";
		};
		31ABA596262D7603004CF694 /* QiniuDemoSwiftTests */ = {
			isa = PBXGroup;
			children = (
				31ABA597262D7603004CF694 /* QiniuDemoSwiftTests.swift */,
				31ABA599262D7603004CF694 /* Info.plist */,
			);
			path = QiniuDemoSwiftTests;
			sourceTree = "<group>";
		};
		31ABA5A1262D7603004CF694 /* QiniuDemoSwiftUITests */ = {
			isa = PBXGroup;
			children = (
				31ABA5A2262D7603004CF694 /* QiniuDemoSwiftUITests.swift */,
				31ABA5A4262D7603004CF694 /* Info.plist */,
			);
			path = QiniuDemoSwiftUITests;
			sourceTree = "<group>";
		};
		65495766CA8BE3DD060A726D /* Pods */ = {
			isa = PBXGroup;
			children = (
				A1315488CB179E449BCD312E /* Pods-QiniuDemoSwift.debug.xcconfig */,
				C6287ED63FE14EF659887805 /* Pods-QiniuDemoSwift.release.xcconfig */,
				9F0273337096BDE28D23D73E /* Pods-QiniuDemoSwift-QiniuDemoSwiftUITests.debug.xcconfig */,
				429EECBB61F4AA42192A8729 /* Pods-QiniuDemoSwift-QiniuDemoSwiftUITests.release.xcconfig */,
				76FA640C6F3FA56CF86EB2A9 /* Pods-QiniuDemoSwiftTests.debug.xcconfig */,
				D45016A95267E32D6F6DFE79 /* Pods-QiniuDemoSwiftTests.release.xcconfig */,
			);
			path = Pods;
			sourceTree = "<group>";
		};
		E9AA1B2F69E08F344EB418DA /* Frameworks */ = {
			isa = PBXGroup;
			children = (
				9C001E5C1E84E72FECB3828D /* Pods_QiniuDemoSwift.framework */,
				9F30CB1F4F82E8F9211A9F43 /* Pods_QiniuDemoSwift_QiniuDemoSwiftUITests.framework */,
				7A539AD42969DB87CFCE1B20 /* Pods_QiniuDemoSwiftTests.framework */,
			);
			name = Frameworks;
			sourceTree = "<group>";
		};
/* End PBXGroup section */

/* Begin PBXNativeTarget section */
		31ABA57C262D7600004CF694 /* QiniuDemoSwift */ = {
			isa = PBXNativeTarget;
			buildConfigurationList = 31ABA5A7262D7603004CF694 /* Build configuration list for PBXNativeTarget "QiniuDemoSwift" */;
			buildPhases = (
				07769508EF0FA56DF9BDE8AB /* [CP] Check Pods Manifest.lock */,
				31ABA579262D7600004CF694 /* Sources */,
				31ABA57A262D7600004CF694 /* Frameworks */,
				31ABA57B262D7600004CF694 /* Resources */,
				3CE7890A532306EF9AEF942E /* [CP] Embed Pods Frameworks */,
			);
			buildRules = (
			);
			dependencies = (
			);
			name = QiniuDemoSwift;
			productName = QiniuDemoSwift;
			productReference = 31ABA57D262D7600004CF694 /* QiniuDemoSwift.app */;
			productType = "com.apple.product-type.application";
		};
		31ABA592262D7603004CF694 /* QiniuDemoSwiftTests */ = {
			isa = PBXNativeTarget;
			buildConfigurationList = 31ABA5AA262D7603004CF694 /* Build configuration list for PBXNativeTarget "QiniuDemoSwiftTests" */;
			buildPhases = (
				D23621FB7745FD7FC9F4E11C /* [CP] Check Pods Manifest.lock */,
				31ABA58F262D7603004CF694 /* Sources */,
				31ABA590262D7603004CF694 /* Frameworks */,
				31ABA591262D7603004CF694 /* Resources */,
			);
			buildRules = (
			);
			dependencies = (
				31ABA595262D7603004CF694 /* PBXTargetDependency */,
			);
			name = QiniuDemoSwiftTests;
			productName = QiniuDemoSwiftTests;
			productReference = 31ABA593262D7603004CF694 /* QiniuDemoSwiftTests.xctest */;
			productType = "com.apple.product-type.bundle.unit-test";
		};
		31ABA59D262D7603004CF694 /* QiniuDemoSwiftUITests */ = {
			isa = PBXNativeTarget;
			buildConfigurationList = 31ABA5AD262D7603004CF694 /* Build configuration list for PBXNativeTarget "QiniuDemoSwiftUITests" */;
			buildPhases = (
				F5B99B5F4532C84DC4D38AB5 /* [CP] Check Pods Manifest.lock */,
				31ABA59A262D7603004CF694 /* Sources */,
				31ABA59B262D7603004CF694 /* Frameworks */,
				31ABA59C262D7603004CF694 /* Resources */,
				20972C8279CE6D352C8760CB /* [CP] Embed Pods Frameworks */,
			);
			buildRules = (
			);
			dependencies = (
				31ABA5A0262D7603004CF694 /* PBXTargetDependency */,
			);
			name = QiniuDemoSwiftUITests;
			productName = QiniuDemoSwiftUITests;
			productReference = 31ABA59E262D7603004CF694 /* QiniuDemoSwiftUITests.xctest */;
			productType = "com.apple.product-type.bundle.ui-testing";
		};
/* End PBXNativeTarget section */

/* Begin PBXProject section */
		31ABA575262D7600004CF694 /* Project object */ = {
			isa = PBXProject;
			attributes = {
				LastSwiftUpdateCheck = 1220;
				LastUpgradeCheck = 1220;
				TargetAttributes = {
					31ABA57C262D7600004CF694 = {
						CreatedOnToolsVersion = 12.2;
					};
					31ABA592262D7603004CF694 = {
						CreatedOnToolsVersion = 12.2;
						TestTargetID = 31ABA57C262D7600004CF694;
					};
					31ABA59D262D7603004CF694 = {
						CreatedOnToolsVersion = 12.2;
						TestTargetID = 31ABA57C262D7600004CF694;
					};
				};
			};
			buildConfigurationList = 31ABA578262D7600004CF694 /* Build configuration list for PBXProject "QiniuDemoSwift" */;
			compatibilityVersion = "Xcode 9.3";
			developmentRegion = en;
			hasScannedForEncodings = 0;
			knownRegions = (
				en,
				Base,
			);
			mainGroup = 31ABA574262D7600004CF694;
			productRefGroup = 31ABA57E262D7600004CF694 /* Products */;
			projectDirPath = "";
			projectRoot = "";
			targets = (
				31ABA57C262D7600004CF694 /* QiniuDemoSwift */,
				31ABA592262D7603004CF694 /* QiniuDemoSwiftTests */,
				31ABA59D262D7603004CF694 /* QiniuDemoSwiftUITests */,
			);
		};
/* End PBXProject section */

/* Begin PBXResourcesBuildPhase section */
		31ABA57B262D7600004CF694 /* Resources */ = {
			isa = PBXResourcesBuildPhase;
			buildActionMask = 2147483647;
			files = (
				31ABA58D262D7603004CF694 /* LaunchScreen.storyboard in Resources */,
				31ABA58A262D7603004CF694 /* Assets.xcassets in Resources */,
				31ABA588262D7600004CF694 /* Main.storyboard in Resources */,
			);
			runOnlyForDeploymentPostprocessing = 0;
		};
		31ABA591262D7603004CF694 /* Resources */ = {
			isa = PBXResourcesBuildPhase;
			buildActionMask = 2147483647;
			files = (
			);
			runOnlyForDeploymentPostprocessing = 0;
		};
		31ABA59C262D7603004CF694 /* Resources */ = {
			isa = PBXResourcesBuildPhase;
			buildActionMask = 2147483647;
			files = (
			);
			runOnlyForDeploymentPostprocessing = 0;
		};
/* End PBXResourcesBuildPhase section */

/* Begin PBXShellScriptBuildPhase section */
		07769508EF0FA56DF9BDE8AB /* [CP] Check Pods Manifest.lock */ = {
			isa = PBXShellScriptBuildPhase;
			buildActionMask = 2147483647;
			files = (
			);
			inputFileListPaths = (
			);
			inputPaths = (
				"${PODS_PODFILE_DIR_PATH}/Podfile.lock",
				"${PODS_ROOT}/Manifest.lock",
			);
			name = "[CP] Check Pods Manifest.lock";
			outputFileListPaths = (
			);
			outputPaths = (
				"$(DERIVED_FILE_DIR)/Pods-QiniuDemoSwift-checkManifestLockResult.txt",
			);
			runOnlyForDeploymentPostprocessing = 0;
			shellPath = /bin/sh;
			shellScript = "diff \"${PODS_PODFILE_DIR_PATH}/Podfile.lock\" \"${PODS_ROOT}/Manifest.lock\" > /dev/null\nif [ $? != 0 ] ; then\n    # print error to STDERR\n    echo \"error: The sandbox is not in sync with the Podfile.lock. Run 'pod install' or update your CocoaPods installation.\" >&2\n    exit 1\nfi\n# This output is used by Xcode 'outputs' to avoid re-running this script phase.\necho \"SUCCESS\" > \"${SCRIPT_OUTPUT_FILE_0}\"\n";
			showEnvVarsInLog = 0;
		};
		20972C8279CE6D352C8760CB /* [CP] Embed Pods Frameworks */ = {
			isa = PBXShellScriptBuildPhase;
			buildActionMask = 2147483647;
			files = (
			);
			inputFileListPaths = (
				"${PODS_ROOT}/Target Support Files/Pods-QiniuDemoSwift-QiniuDemoSwiftUITests/Pods-QiniuDemoSwift-QiniuDemoSwiftUITests-frameworks-${CONFIGURATION}-input-files.xcfilelist",
			);
			name = "[CP] Embed Pods Frameworks";
			outputFileListPaths = (
				"${PODS_ROOT}/Target Support Files/Pods-QiniuDemoSwift-QiniuDemoSwiftUITests/Pods-QiniuDemoSwift-QiniuDemoSwiftUITests-frameworks-${CONFIGURATION}-output-files.xcfilelist",
			);
			runOnlyForDeploymentPostprocessing = 0;
			shellPath = /bin/sh;
			shellScript = "\"${PODS_ROOT}/Target Support Files/Pods-QiniuDemoSwift-QiniuDemoSwiftUITests/Pods-QiniuDemoSwift-QiniuDemoSwiftUITests-frameworks.sh\"\n";
			showEnvVarsInLog = 0;
		};
		3CE7890A532306EF9AEF942E /* [CP] Embed Pods Frameworks */ = {
			isa = PBXShellScriptBuildPhase;
			buildActionMask = 2147483647;
			files = (
			);
			inputFileListPaths = (
				"${PODS_ROOT}/Target Support Files/Pods-QiniuDemoSwift/Pods-QiniuDemoSwift-frameworks-${CONFIGURATION}-input-files.xcfilelist",
			);
			name = "[CP] Embed Pods Frameworks";
			outputFileListPaths = (
				"${PODS_ROOT}/Target Support Files/Pods-QiniuDemoSwift/Pods-QiniuDemoSwift-frameworks-${CONFIGURATION}-output-files.xcfilelist",
			);
			runOnlyForDeploymentPostprocessing = 0;
			shellPath = /bin/sh;
			shellScript = "\"${PODS_ROOT}/Target Support Files/Pods-QiniuDemoSwift/Pods-QiniuDemoSwift-frameworks.sh\"\n";
			showEnvVarsInLog = 0;
		};
		D23621FB7745FD7FC9F4E11C /* [CP] Check Pods Manifest.lock */ = {
			isa = PBXShellScriptBuildPhase;
			buildActionMask = 2147483647;
			files = (
			);
			inputFileListPaths = (
			);
			inputPaths = (
				"${PODS_PODFILE_DIR_PATH}/Podfile.lock",
				"${PODS_ROOT}/Manifest.lock",
			);
			name = "[CP] Check Pods Manifest.lock";
			outputFileListPaths = (
			);
			outputPaths = (
				"$(DERIVED_FILE_DIR)/Pods-QiniuDemoSwiftTests-checkManifestLockResult.txt",
			);
			runOnlyForDeploymentPostprocessing = 0;
			shellPath = /bin/sh;
			shellScript = "diff \"${PODS_PODFILE_DIR_PATH}/Podfile.lock\" \"${PODS_ROOT}/Manifest.lock\" > /dev/null\nif [ $? != 0 ] ; then\n    # print error to STDERR\n    echo \"error: The sandbox is not in sync with the Podfile.lock. Run 'pod install' or update your CocoaPods installation.\" >&2\n    exit 1\nfi\n# This output is used by Xcode 'outputs' to avoid re-running this script phase.\necho \"SUCCESS\" > \"${SCRIPT_OUTPUT_FILE_0}\"\n";
			showEnvVarsInLog = 0;
		};
		F5B99B5F4532C84DC4D38AB5 /* [CP] Check Pods Manifest.lock */ = {
			isa = PBXShellScriptBuildPhase;
			buildActionMask = 2147483647;
			files = (
			);
			inputFileListPaths = (
			);
			inputPaths = (
				"${PODS_PODFILE_DIR_PATH}/Podfile.lock",
				"${PODS_ROOT}/Manifest.lock",
			);
			name = "[CP] Check Pods Manifest.lock";
			outputFileListPaths = (
			);
			outputPaths = (
				"$(DERIVED_FILE_DIR)/Pods-QiniuDemoSwift-QiniuDemoSwiftUITests-checkManifestLockResult.txt",
			);
			runOnlyForDeploymentPostprocessing = 0;
			shellPath = /bin/sh;
			shellScript = "diff \"${PODS_PODFILE_DIR_PATH}/Podfile.lock\" \"${PODS_ROOT}/Manifest.lock\" > /dev/null\nif [ $? != 0 ] ; then\n    # print error to STDERR\n    echo \"error: The sandbox is not in sync with the Podfile.lock. Run 'pod install' or update your CocoaPods installation.\" >&2\n    exit 1\nfi\n# This output is used by Xcode 'outputs' to avoid re-running this script phase.\necho \"SUCCESS\" > \"${SCRIPT_OUTPUT_FILE_0}\"\n";
			showEnvVarsInLog = 0;
		};
/* End PBXShellScriptBuildPhase section */

/* Begin PBXSourcesBuildPhase section */
		31ABA579262D7600004CF694 /* Sources */ = {
			isa = PBXSourcesBuildPhase;
			buildActionMask = 2147483647;
			files = (
				31ABA585262D7600004CF694 /* ViewController.swift in Sources */,
				31ABA581262D7600004CF694 /* AppDelegate.swift in Sources */,
				31ABA583262D7600004CF694 /* SceneDelegate.swift in Sources */,
			);
			runOnlyForDeploymentPostprocessing = 0;
		};
		31ABA58F262D7603004CF694 /* Sources */ = {
			isa = PBXSourcesBuildPhase;
			buildActionMask = 2147483647;
			files = (
				31ABA598262D7603004CF694 /* QiniuDemoSwiftTests.swift in Sources */,
			);
			runOnlyForDeploymentPostprocessing = 0;
		};
		31ABA59A262D7603004CF694 /* Sources */ = {
			isa = PBXSourcesBuildPhase;
			buildActionMask = 2147483647;
			files = (
				31ABA5A3262D7603004CF694 /* QiniuDemoSwiftUITests.swift in Sources */,
			);
			runOnlyForDeploymentPostprocessing = 0;
		};
/* End PBXSourcesBuildPhase section */

/* Begin PBXTargetDependency section */
		31ABA595262D7603004CF694 /* PBXTargetDependency */ = {
			isa = PBXTargetDependency;
			target = 31ABA57C262D7600004CF694 /* QiniuDemoSwift */;
			targetProxy = 31ABA594262D7603004CF694 /* PBXContainerItemProxy */;
		};
		31ABA5A0262D7603004CF694 /* PBXTargetDependency */ = {
			isa = PBXTargetDependency;
			target = 31ABA57C262D7600004CF694 /* QiniuDemoSwift */;
			targetProxy = 31ABA59F262D7603004CF694 /* PBXContainerItemProxy */;
		};
/* End PBXTargetDependency section */

/* Begin PBXVariantGroup section */
		31ABA586262D7600004CF694 /* Main.storyboard */ = {
			isa = PBXVariantGroup;
			children = (
				31ABA587262D7600004CF694 /* Base */,
			);
			name = Main.storyboard;
			sourceTree = "<group>";
		};
		31ABA58B262D7603004CF694 /* LaunchScreen.storyboard */ = {
			isa = PBXVariantGroup;
			children = (
				31ABA58C262D7603004CF694 /* Base */,
			);
			name = LaunchScreen.storyboard;
			sourceTree = "<group>";
		};
/* End PBXVariantGroup section */

/* Begin XCBuildConfiguration section */
		31ABA5A5262D7603004CF694 /* Debug */ = {
			isa = XCBuildConfiguration;
			buildSettings = {
				ALWAYS_SEARCH_USER_PATHS = NO;
				CLANG_ANALYZER_NONNULL = YES;
				CLANG_ANALYZER_NUMBER_OBJECT_CONVERSION = YES_AGGRESSIVE;
				CLANG_CXX_LANGUAGE_STANDARD = "gnu++14";
				CLANG_CXX_LIBRARY = "libc++";
				CLANG_ENABLE_MODULES = YES;
				CLANG_ENABLE_OBJC_ARC = YES;
				CLANG_ENABLE_OBJC_WEAK = YES;
				CLANG_WARN_BLOCK_CAPTURE_AUTORELEASING = YES;
				CLANG_WARN_BOOL_CONVERSION = YES;
				CLANG_WARN_COMMA = YES;
				CLANG_WARN_CONSTANT_CONVERSION = YES;
				CLANG_WARN_DEPRECATED_OBJC_IMPLEMENTATIONS = YES;
				CLANG_WARN_DIRECT_OBJC_ISA_USAGE = YES_ERROR;
				CLANG_WARN_DOCUMENTATION_COMMENTS = YES;
				CLANG_WARN_EMPTY_BODY = YES;
				CLANG_WARN_ENUM_CONVERSION = YES;
				CLANG_WARN_INFINITE_RECURSION = YES;
				CLANG_WARN_INT_CONVERSION = YES;
				CLANG_WARN_NON_LITERAL_NULL_CONVERSION = YES;
				CLANG_WARN_OBJC_IMPLICIT_RETAIN_SELF = YES;
				CLANG_WARN_OBJC_LITERAL_CONVERSION = YES;
				CLANG_WARN_OBJC_ROOT_CLASS = YES_ERROR;
				CLANG_WARN_QUOTED_INCLUDE_IN_FRAMEWORK_HEADER = YES;
				CLANG_WARN_RANGE_LOOP_ANALYSIS = YES;
				CLANG_WARN_STRICT_PROTOTYPES = YES;
				CLANG_WARN_SUSPICIOUS_MOVE = YES;
				CLANG_WARN_UNGUARDED_AVAILABILITY = YES_AGGRESSIVE;
				CLANG_WARN_UNREACHABLE_CODE = YES;
				CLANG_WARN__DUPLICATE_METHOD_MATCH = YES;
				COPY_PHASE_STRIP = NO;
				DEBUG_INFORMATION_FORMAT = dwarf;
				ENABLE_STRICT_OBJC_MSGSEND = YES;
				ENABLE_TESTABILITY = YES;
				GCC_C_LANGUAGE_STANDARD = gnu11;
				GCC_DYNAMIC_NO_PIC = NO;
				GCC_NO_COMMON_BLOCKS = YES;
				GCC_OPTIMIZATION_LEVEL = 0;
				GCC_PREPROCESSOR_DEFINITIONS = (
					"DEBUG=1",
					"$(inherited)",
				);
				GCC_WARN_64_TO_32_BIT_CONVERSION = YES;
				GCC_WARN_ABOUT_RETURN_TYPE = YES_ERROR;
				GCC_WARN_UNDECLARED_SELECTOR = YES;
				GCC_WARN_UNINITIALIZED_AUTOS = YES_AGGRESSIVE;
				GCC_WARN_UNUSED_FUNCTION = YES;
				GCC_WARN_UNUSED_VARIABLE = YES;
				IPHONEOS_DEPLOYMENT_TARGET = 14.2;
				MTL_ENABLE_DEBUG_INFO = INCLUDE_SOURCE;
				MTL_FAST_MATH = YES;
				ONLY_ACTIVE_ARCH = YES;
				SDKROOT = iphoneos;
				SWIFT_ACTIVE_COMPILATION_CONDITIONS = DEBUG;
				SWIFT_OPTIMIZATION_LEVEL = "-Onone";
			};
			name = Debug;
		};
		31ABA5A6262D7603004CF694 /* Release */ = {
			isa = XCBuildConfiguration;
			buildSettings = {
				ALWAYS_SEARCH_USER_PATHS = NO;
				CLANG_ANALYZER_NONNULL = YES;
				CLANG_ANALYZER_NUMBER_OBJECT_CONVERSION = YES_AGGRESSIVE;
				CLANG_CXX_LANGUAGE_STANDARD = "gnu++14";
				CLANG_CXX_LIBRARY = "libc++";
				CLANG_ENABLE_MODULES = YES;
				CLANG_ENABLE_OBJC_ARC = YES;
				CLANG_ENABLE_OBJC_WEAK = YES;
				CLANG_WARN_BLOCK_CAPTURE_AUTORELEASING = YES;
				CLANG_WARN_BOOL_CONVERSION = YES;
				CLANG_WARN_COMMA = YES;
				CLANG_WARN_CONSTANT_CONVERSION = YES;
				CLANG_WARN_DEPRECATED_OBJC_IMPLEMENTATIONS = YES;
				CLANG_WARN_DIRECT_OBJC_ISA_USAGE = YES_ERROR;
				CLANG_WARN_DOCUMENTATION_COMMENTS = YES;
				CLANG_WARN_EMPTY_BODY = YES;
				CLANG_WARN_ENUM_CONVERSION = YES;
				CLANG_WARN_INFINITE_RECURSION = YES;
				CLANG_WARN_INT_CONVERSION = YES;
				CLANG_WARN_NON_LITERAL_NULL_CONVERSION = YES;
				CLANG_WARN_OBJC_IMPLICIT_RETAIN_SELF = YES;
				CLANG_WARN_OBJC_LITERAL_CONVERSION = YES;
				CLANG_WARN_OBJC_ROOT_CLASS = YES_ERROR;
				CLANG_WARN_QUOTED_INCLUDE_IN_FRAMEWORK_HEADER = YES;
				CLANG_WARN_RANGE_LOOP_ANALYSIS = YES;
				CLANG_WARN_STRICT_PROTOTYPES = YES;
				CLANG_WARN_SUSPICIOUS_MOVE = YES;
				CLANG_WARN_UNGUARDED_AVAILABILITY = YES_AGGRESSIVE;
				CLANG_WARN_UNREACHABLE_CODE = YES;
				CLANG_WARN__DUPLICATE_METHOD_MATCH = YES;
				COPY_PHASE_STRIP = NO;
				DEBUG_INFORMATION_FORMAT = "dwarf-with-dsym";
				ENABLE_NS_ASSERTIONS = NO;
				ENABLE_STRICT_OBJC_MSGSEND = YES;
				GCC_C_LANGUAGE_STANDARD = gnu11;
				GCC_NO_COMMON_BLOCKS = YES;
				GCC_WARN_64_TO_32_BIT_CONVERSION = YES;
				GCC_WARN_ABOUT_RETURN_TYPE = YES_ERROR;
				GCC_WARN_UNDECLARED_SELECTOR = YES;
				GCC_WARN_UNINITIALIZED_AUTOS = YES_AGGRESSIVE;
				GCC_WARN_UNUSED_FUNCTION = YES;
				GCC_WARN_UNUSED_VARIABLE = YES;
				IPHONEOS_DEPLOYMENT_TARGET = 14.2;
				MTL_ENABLE_DEBUG_INFO = NO;
				MTL_FAST_MATH = YES;
				SDKROOT = iphoneos;
				SWIFT_COMPILATION_MODE = wholemodule;
				SWIFT_OPTIMIZATION_LEVEL = "-O";
				VALIDATE_PRODUCT = YES;
			};
			name = Release;
		};
		31ABA5A8262D7603004CF694 /* Debug */ = {
			isa = XCBuildConfiguration;
			baseConfigurationReference = A1315488CB179E449BCD312E /* Pods-QiniuDemoSwift.debug.xcconfig */;
			buildSettings = {
				ASSETCATALOG_COMPILER_APPICON_NAME = AppIcon;
				ASSETCATALOG_COMPILER_GLOBAL_ACCENT_COLOR_NAME = AccentColor;
				CODE_SIGN_STYLE = Automatic;
				DEVELOPMENT_TEAM = 5G98NLC322;
				INFOPLIST_FILE = QiniuDemoSwift/Info.plist;
				LD_RUNPATH_SEARCH_PATHS = (
					"$(inherited)",
					"@executable_path/Frameworks",
				);
				PRODUCT_BUNDLE_IDENTIFIER = QiniuDemo;
				PRODUCT_NAME = "$(TARGET_NAME)";
				SWIFT_OBJC_BRIDGING_HEADER = "${SRCROOT}/QiniuDemoSwift/Bridging_Header.h";
				SWIFT_VERSION = 5.0;
				TARGETED_DEVICE_FAMILY = "1,2";
			};
			name = Debug;
		};
		31ABA5A9262D7603004CF694 /* Release */ = {
			isa = XCBuildConfiguration;
			baseConfigurationReference = C6287ED63FE14EF659887805 /* Pods-QiniuDemoSwift.release.xcconfig */;
			buildSettings = {
				ASSETCATALOG_COMPILER_APPICON_NAME = AppIcon;
				ASSETCATALOG_COMPILER_GLOBAL_ACCENT_COLOR_NAME = AccentColor;
				CODE_SIGN_STYLE = Automatic;
				DEVELOPMENT_TEAM = 5G98NLC322;
				INFOPLIST_FILE = QiniuDemoSwift/Info.plist;
				LD_RUNPATH_SEARCH_PATHS = (
					"$(inherited)",
					"@executable_path/Frameworks",
				);
				PRODUCT_BUNDLE_IDENTIFIER = QiniuDemo;
				PRODUCT_NAME = "$(TARGET_NAME)";
				SWIFT_OBJC_BRIDGING_HEADER = "${SRCROOT}/QiniuDemoSwift/Bridging_Header.h";
				SWIFT_VERSION = 5.0;
				TARGETED_DEVICE_FAMILY = "1,2";
			};
			name = Release;
		};
		31ABA5AB262D7603004CF694 /* Debug */ = {
			isa = XCBuildConfiguration;
			baseConfigurationReference = 76FA640C6F3FA56CF86EB2A9 /* Pods-QiniuDemoSwiftTests.debug.xcconfig */;
			buildSettings = {
				ALWAYS_EMBED_SWIFT_STANDARD_LIBRARIES = YES;
				BUNDLE_LOADER = "$(TEST_HOST)";
				CODE_SIGN_STYLE = Automatic;
				INFOPLIST_FILE = QiniuDemoSwiftTests/Info.plist;
				IPHONEOS_DEPLOYMENT_TARGET = 14.2;
				LD_RUNPATH_SEARCH_PATHS = (
					"$(inherited)",
					"@executable_path/Frameworks",
					"@loader_path/Frameworks",
				);
				PRODUCT_BUNDLE_IDENTIFIER = yangsen.QiniuDemoSwiftTests;
				PRODUCT_NAME = "$(TARGET_NAME)";
				SWIFT_VERSION = 5.0;
				TARGETED_DEVICE_FAMILY = "1,2";
				TEST_HOST = "$(BUILT_PRODUCTS_DIR)/QiniuDemoSwift.app/QiniuDemoSwift";
			};
			name = Debug;
		};
		31ABA5AC262D7603004CF694 /* Release */ = {
			isa = XCBuildConfiguration;
			baseConfigurationReference = D45016A95267E32D6F6DFE79 /* Pods-QiniuDemoSwiftTests.release.xcconfig */;
			buildSettings = {
				ALWAYS_EMBED_SWIFT_STANDARD_LIBRARIES = YES;
				BUNDLE_LOADER = "$(TEST_HOST)";
				CODE_SIGN_STYLE = Automatic;
				INFOPLIST_FILE = QiniuDemoSwiftTests/Info.plist;
				IPHONEOS_DEPLOYMENT_TARGET = 14.2;
				LD_RUNPATH_SEARCH_PATHS = (
					"$(inherited)",
					"@executable_path/Frameworks",
					"@loader_path/Frameworks",
				);
				PRODUCT_BUNDLE_IDENTIFIER = yangsen.QiniuDemoSwiftTests;
				PRODUCT_NAME = "$(TARGET_NAME)";
				SWIFT_VERSION = 5.0;
				TARGETED_DEVICE_FAMILY = "1,2";
				TEST_HOST = "$(BUILT_PRODUCTS_DIR)/QiniuDemoSwift.app/QiniuDemoSwift";
			};
			name = Release;
		};
		31ABA5AE262D7603004CF694 /* Debug */ = {
			isa = XCBuildConfiguration;
			baseConfigurationReference = 9F0273337096BDE28D23D73E /* Pods-QiniuDemoSwift-QiniuDemoSwiftUITests.debug.xcconfig */;
			buildSettings = {
				ALWAYS_EMBED_SWIFT_STANDARD_LIBRARIES = YES;
				CODE_SIGN_STYLE = Automatic;
				INFOPLIST_FILE = QiniuDemoSwiftUITests/Info.plist;
				LD_RUNPATH_SEARCH_PATHS = (
					"$(inherited)",
					"@executable_path/Frameworks",
					"@loader_path/Frameworks",
				);
				PRODUCT_BUNDLE_IDENTIFIER = yangsen.QiniuDemoSwiftUITests;
				PRODUCT_NAME = "$(TARGET_NAME)";
				SWIFT_VERSION = 5.0;
				TARGETED_DEVICE_FAMILY = "1,2";
				TEST_TARGET_NAME = QiniuDemoSwift;
			};
			name = Debug;
		};
		31ABA5AF262D7603004CF694 /* Release */ = {
			isa = XCBuildConfiguration;
			baseConfigurationReference = 429EECBB61F4AA42192A8729 /* Pods-QiniuDemoSwift-QiniuDemoSwiftUITests.release.xcconfig */;
			buildSettings = {
				ALWAYS_EMBED_SWIFT_STANDARD_LIBRARIES = YES;
				CODE_SIGN_STYLE = Automatic;
				INFOPLIST_FILE = QiniuDemoSwiftUITests/Info.plist;
				LD_RUNPATH_SEARCH_PATHS = (
					"$(inherited)",
					"@executable_path/Frameworks",
					"@loader_path/Frameworks",
				);
				PRODUCT_BUNDLE_IDENTIFIER = yangsen.QiniuDemoSwiftUITests;
				PRODUCT_NAME = "$(TARGET_NAME)";
				SWIFT_VERSION = 5.0;
				TARGETED_DEVICE_FAMILY = "1,2";
				TEST_TARGET_NAME = QiniuDemoSwift;
			};
			name = Release;
		};
/* End XCBuildConfiguration section */

/* Begin XCConfigurationList section */
		31ABA578262D7600004CF694 /* Build configuration list for PBXProject "QiniuDemoSwift" */ = {
			isa = XCConfigurationList;
			buildConfigurations = (
				31ABA5A5262D7603004CF694 /* Debug */,
				31ABA5A6262D7603004CF694 /* Release */,
			);
			defaultConfigurationIsVisible = 0;
			defaultConfigurationName = Release;
		};
		31ABA5A7262D7603004CF694 /* Build configuration list for PBXNativeTarget "QiniuDemoSwift" */ = {
			isa = XCConfigurationList;
			buildConfigurations = (
				31ABA5A8262D7603004CF694 /* Debug */,
				31ABA5A9262D7603004CF694 /* Release */,
			);
			defaultConfigurationIsVisible = 0;
			defaultConfigurationName = Release;
		};
		31ABA5AA262D7603004CF694 /* Build configuration list for PBXNativeTarget "QiniuDemoSwiftTests" */ = {
			isa = XCConfigurationList;
			buildConfigurations = (
				31ABA5AB262D7603004CF694 /* Debug */,
				31ABA5AC262D7603004CF694 /* Release */,
			);
			defaultConfigurationIsVisible = 0;
			defaultConfigurationName = Release;
		};
		31ABA5AD262D7603004CF694 /* Build configuration list for PBXNativeTarget "QiniuDemoSwiftUITests" */ = {
			isa = XCConfigurationList;
			buildConfigurations = (
				31ABA5AE262D7603004CF694 /* Debug */,
				31ABA5AF262D7603004CF694 /* Release */,
			);
			defaultConfigurationIsVisible = 0;
			defaultConfigurationName = Release;
		};
/* End XCConfigurationList section */
	};
	rootObject = 31ABA575262D7600004CF694 /* Project object */;
}
